
Microsoft Visual Studio Solution File, Format Version 12.00
# Visual Studio Version 16
VisualStudioVersion = 16.0.30011.22
MinimumVisualStudioVersion = 10.0.40219.1
Project("{FAE04EC0-301F-11D3-BF4B-00C04F79EFBC}") = "AdapterDesignPattern", "AdapterDesignPattern\AdapterDesignPattern.csproj", "{04A4399F-9512-4492-8F99-83DC032012FE}"
EndProject
Global
	GlobalSection(SolutionConfigurationPlatforms) = preSolution
		Debug|Any CPU = Debug|Any CPU
		Release|Any CPU = Release|Any CPU
	EndGlobalSection
	GlobalSection(ProjectConfigurationPlatforms) = postSolution
		{04A4399F-9512-4492-8F99-83DC032012FE}.Debug|Any CPU.ActiveCfg = Debug|Any CPU
		{04A4399F-9512-4492-8F99-83DC032012FE}.Debug|Any CPU.Build.0 = Debug|Any CPU
		{04A4399F-9512-4492-8F99-83DC032012FE}.Release|Any CPU.ActiveCfg = Release|Any CPU
		{04A4399F-9512-4492-8F99-83DC032012FE}.Release|Any CPU.Build.0 = Release|Any CPU
	EndGlobalSection
	GlobalSection(SolutionProperties) = preSolution
		HideSolutionNode = FALSE
	EndGlobalSection
	GlobalSection(ExtensibilityGlobals) = postSolution
		SolutionGuid = {9CDBE91D-051E-4998-8C1A-F64D4F46061E}
	EndGlobalSection
EndGlobal
